# This file is automatically @generated by Cargo.
# It is not intended for manual editing.
version = 3

[[package]]
name = "abc002a"
version = "0.1.0"
dependencies = [
 "cli_test_dir",
 "proconio",
]

[[package]]
name = "abc003a"
version = "0.1.0"
dependencies = [
 "cli_test_dir",
 "proconio",
]

[[package]]
name = "abc014a"
version = "0.1.0"
dependencies = [
 "cli_test_dir",
 "proconio",
]

[[package]]
name = "abc021a"
version = "0.1.0"
dependencies = [
 "cli_test_dir",
 "proconio",
]

[[package]]
name = "abc024a"
version = "0.1.0"
dependencies = [
 "cli_test_dir",
 "proconio",
]

[[package]]
name = "abc027a"
version = "0.1.0"
dependencies = [
 "cli_test_dir",
 "proconio",
]

[[package]]
name = "abc042b"
version = "0.1.0"
dependencies = [
 "cli_test_dir",
 "proconio",
]

[[package]]
name = "abc044b"
version = "0.1.0"
dependencies = [
 "cli_test_dir",
 "proconio",
]

[[package]]
name = "abc046b"
version = "0.1.0"
dependencies = [
 "cli_test_dir",
 "proconio",
]

[[package]]
name = "abc049b"
version = "0.1.0"
dependencies = [
 "cli_test_dir",
 "proconio",
]

[[package]]
name = "abc049c"
version = "0.1.0"
dependencies = [
 "cli_test_dir",
 "proconio",
]

[[package]]
name = "abc050b"
version = "0.1.0"
dependencies = [
 "cli_test_dir",
 "proconio",
]

[[package]]
name = "abc052b"
version = "0.1.0"
dependencies = [
 "cli_test_dir",
 "proconio",
]

[[package]]
name = "abc053b"
version = "0.1.0"
dependencies = [
 "cli_test_dir",
 "proconio",
]

[[package]]
name = "abc055b"
version = "0.1.0"
dependencies = [
 "cli_test_dir",
 "proconio",
]

[[package]]
name = "abc058b"
version = "0.1.0"
dependencies = [
 "cli_test_dir",
 "proconio",
]

[[package]]
name = "abc059b"
version = "0.1.0"
dependencies = [
 "cli_test_dir",
 "proconio",
]

[[package]]
name = "abc061b"
version = "0.1.0"
dependencies = [
 "cli_test_dir",
 "proconio",
]

[[package]]
name = "abc062b"
version = "0.1.0"
dependencies = [
 "cli_test_dir",
 "proconio",
]

[[package]]
name = "abc063b"
version = "0.1.0"
dependencies = [
 "cli_test_dir",
 "proconio",
]

[[package]]
name = "abc064a"
version = "0.1.0"
dependencies = [
 "cli_test_dir",
 "proconio",
]

[[package]]
name = "abc065b"
version = "0.1.0"
dependencies = [
 "cli_test_dir",
 "proconio",
]

[[package]]
name = "abc068b"
version = "0.1.0"
dependencies = [
 "cli_test_dir",
 "proconio",
]

[[package]]
name = "abc071b"
version = "0.1.0"
dependencies = [
 "cli_test_dir",
 "proconio",
]

[[package]]
name = "abc074b"
version = "0.1.0"
dependencies = [
 "cli_test_dir",
 "proconio",
]

[[package]]
name = "abc079b"
version = "0.1.0"
dependencies = [
 "cli_test_dir",
 "proconio",
]

[[package]]
name = "abc079c"
version = "0.1.0"
dependencies = [
 "cli_test_dir",
 "proconio",
]

[[package]]
name = "abc081a"
version = "0.1.0"
dependencies = [
 "cli_test_dir",
 "proconio",
]

[[package]]
name = "abc081b"
version = "0.1.0"
dependencies = [
 "cli_test_dir",
 "proconio",
]

[[package]]
name = "abc083b"
version = "0.1.0"
dependencies = [
 "cli_test_dir",
 "proconio",
]

[[package]]
name = "abc084b"
version = "0.1.0"
dependencies = [
 "cli_test_dir",
 "proconio",
]

[[package]]
name = "abc085b"
version = "0.1.0"
dependencies = [
 "cli_test_dir",
 "proconio",
]

[[package]]
name = "abc085c"
version = "0.1.0"
dependencies = [
 "cli_test_dir",
 "proconio",
]

[[package]]
name = "abc086a"
version = "0.1.0"
dependencies = [
 "cli_test_dir",
 "proconio",
]

[[package]]
name = "abc086b"
version = "0.1.0"
dependencies = [
 "cli_test_dir",
 "proconio",
]

[[package]]
name = "abc086c"
version = "0.1.0"
dependencies = [
 "cli_test_dir",
 "proconio",
]

[[package]]
name = "abc087b"
version = "0.1.0"
dependencies = [
 "cli_test_dir",
 "proconio",
]

[[package]]
name = "abc088a"
version = "0.1.0"
dependencies = [
 "cli_test_dir",
 "proconio",
]

[[package]]
name = "abc088b"
version = "0.1.0"
dependencies = [
 "cli_test_dir",
 "proconio",
]

[[package]]
name = "abc090b"
version = "0.1.0"
dependencies = [
 "cli_test_dir",
 "proconio",
]

[[package]]
name = "abc091b"
version = "0.1.0"
dependencies = [
 "cli_test_dir",
 "proconio",
]

[[package]]
name = "abc092b"
version = "0.1.0"
dependencies = [
 "cli_test_dir",
 "proconio",
]

[[package]]
name = "abc093b"
version = "0.1.0"
dependencies = [
 "cli_test_dir",
 "proconio",
]

[[package]]
name = "abc094b"
version = "0.1.0"
dependencies = [
 "cli_test_dir",
 "proconio",
]

[[package]]
name = "abc097b"
version = "0.1.0"
dependencies = [
 "cli_test_dir",
 "proconio",
]

[[package]]
name = "abc100b"
version = "0.1.0"
dependencies = [
 "cli_test_dir",
 "proconio",
]

[[package]]
name = "abc100c"
version = "0.1.0"
dependencies = [
 "cli_test_dir",
 "proconio",
]

[[package]]
name = "abc103b"
version = "0.1.0"
dependencies = [
 "cli_test_dir",
 "proconio",
]

[[package]]
name = "abc103c"
version = "0.1.0"
dependencies = [
 "cli_test_dir",
 "proconio",
]

[[package]]
name = "abc104b"
version = "0.1.0"
dependencies = [
 "cli_test_dir",
 "proconio",
]

[[package]]
name = "abc106c"
version = "0.1.0"
dependencies = [
 "cli_test_dir",
 "proconio",
]

[[package]]
name = "abc108b"
version = "0.1.0"
dependencies = [
 "cli_test_dir",
 "proconio",
]

[[package]]
name = "abc109b"
version = "0.1.0"
dependencies = [
 "cli_test_dir",
 "proconio",
]

[[package]]
name = "abc113b"
version = "0.1.0"
dependencies = [
 "cli_test_dir",
 "proconio",
]

[[package]]
name = "abc114b"
version = "0.1.0"
dependencies = [
 "cli_test_dir",
 "proconio",
]

[[package]]
name = "abc115c"
version = "0.1.0"
dependencies = [
 "cli_test_dir",
 "proconio",
]

[[package]]
name = "abc116b"
version = "0.1.0"
dependencies = [
 "cli_test_dir",
 "proconio",
]

[[package]]
name = "abc118b"
version = "0.1.0"
dependencies = [
 "cli_test_dir",
 "proconio",
]

[[package]]
name = "abc120c"
version = "0.1.0"
dependencies = [
 "cli_test_dir",
 "proconio",
]

[[package]]
name = "abc121b"
version = "0.1.0"
dependencies = [
 "cli_test_dir",
 "proconio",
]

[[package]]
name = "abc121c"
version = "0.1.0"
dependencies = [
 "cli_test_dir",
 "proconio",
]

[[package]]
name = "abc122b"
version = "0.1.0"
dependencies = [
 "cli_test_dir",
 "proconio",
]

[[package]]
name = "abc123b"
version = "0.1.0"
dependencies = [
 "cli_test_dir",
 "proconio",
]

[[package]]
name = "abc124c"
version = "0.1.0"
dependencies = [
 "cli_test_dir",
 "proconio",
]

[[package]]
name = "abc127c"
version = "0.1.0"
dependencies = [
 "cli_test_dir",
 "proconio",
]

[[package]]
name = "abc132c"
version = "0.1.0"
dependencies = [
 "cli_test_dir",
 "proconio",
]

[[package]]
name = "abc133b"
version = "0.1.0"
dependencies = [
 "cli_test_dir",
 "proconio",
]

[[package]]
name = "abc134c"
version = "0.1.0"
dependencies = [
 "cli_test_dir",
 "proconio",
]

[[package]]
name = "abc135c"
version = "0.1.0"
dependencies = [
 "cli_test_dir",
 "proconio",
]

[[package]]
name = "abc136c"
version = "0.1.0"
dependencies = [
 "cli_test_dir",
 "proconio",
]

[[package]]
name = "abc138c"
version = "0.1.0"
dependencies = [
 "cli_test_dir",
 "proconio",
]

[[package]]
name = "abc139b"
version = "0.1.0"
dependencies = [
 "cli_test_dir",
 "proconio",
]

[[package]]
name = "abc139c"
version = "0.1.0"
dependencies = [
 "cli_test_dir",
 "proconio",
]

[[package]]
name = "abc140c"
version = "0.1.0"
dependencies = [
 "cli_test_dir",
 "proconio",
]

[[package]]
name = "abc141c"
version = "0.1.0"
dependencies = [
 "cli_test_dir",
 "proconio",
]

[[package]]
name = "abc142c"
version = "0.1.0"
dependencies = [
 "cli_test_dir",
 "proconio",
]

[[package]]
name = "abc144c"
version = "0.1.0"
dependencies = [
 "cli_test_dir",
 "proconio",
]

[[package]]
name = "abc145c"
version = "0.1.0"
dependencies = [
 "cli_test_dir",
 "itertools",
 "proconio",
]

[[package]]
name = "abc148d"
version = "0.1.0"
dependencies = [
 "cli_test_dir",
 "proconio",
]

[[package]]
name = "abc149c"
version = "0.1.0"
dependencies = [
 "cli_test_dir",
 "proconio",
]

[[package]]
name = "abc150c"
version = "0.1.0"
dependencies = [
 "cli_test_dir",
 "itertools",
 "proconio",
]

[[package]]
name = "abc151c"
version = "0.1.0"
dependencies = [
 "cli_test_dir",
 "proconio",
]

[[package]]
name = "abc152c"
version = "0.1.0"
dependencies = [
 "cli_test_dir",
 "proconio",
]

[[package]]
name = "abc153d"
version = "0.1.0"
dependencies = [
 "cli_test_dir",
 "proconio",
]

[[package]]
name = "abc155c"
version = "0.1.0"
dependencies = [
 "cli_test_dir",
 "proconio",
]

[[package]]
name = "abc156c"
version = "0.1.0"
dependencies = [
 "cli_test_dir",
 "proconio",
]

[[package]]
name = "abc157b"
version = "0.1.0"
dependencies = [
 "cli_test_dir",
 "proconio",
]

[[package]]
name = "abc158b"
version = "0.1.0"
dependencies = [
 "cli_test_dir",
 "proconio",
]

[[package]]
name = "abc158c"
version = "0.1.0"
dependencies = [
 "cli_test_dir",
 "proconio",
]

[[package]]
name = "abc160c"
version = "0.1.0"
dependencies = [
 "cli_test_dir",
 "proconio",
]

[[package]]
name = "abc161c"
version = "0.1.0"
dependencies = [
 "cli_test_dir",
 "proconio",
]

[[package]]
name = "abc219a"
version = "0.1.0"
dependencies = [
 "cli_test_dir",
 "proconio",
]

[[package]]
name = "agc004a"
version = "0.1.0"
dependencies = [
 "cli_test_dir",
 "proconio",
]

[[package]]
name = "agc012a"
version = "0.1.0"
dependencies = [
 "cli_test_dir",
 "proconio",
]

[[package]]
name = "agc019a"
version = "0.1.0"
dependencies = [
 "cli_test_dir",
 "proconio",
]

[[package]]
name = "agc037a"
version = "0.1.0"
dependencies = [
 "cli_test_dir",
 "proconio",
]

[[package]]
name = "agc041a"
version = "0.1.0"
dependencies = [
 "cli_test_dir",
 "proconio",
]

[[package]]
name = "arc090a"
version = "0.1.0"
dependencies = [
 "cli_test_dir",
 "proconio",
]

[[package]]
name = "arc094a"
version = "0.1.0"
dependencies = [
 "cli_test_dir",
 "proconio",
]

[[package]]
name = "arc096a"
version = "0.1.0"
dependencies = [
 "cli_test_dir",
 "proconio",
]

[[package]]
name = "cli_test_dir"
version = "0.1.7"
source = "registry+https://github.com/rust-lang/crates.io-index"
checksum = "2bc63338a59538d4f4b767dfb6082e4d26736aadb5100894b76039a04d6ad519"

[[package]]
name = "codefestival2016qualab"
version = "0.1.0"
dependencies = [
 "cli_test_dir",
 "proconio",
]

[[package]]
name = "codefestival2016qualbb"
version = "0.1.0"
dependencies = [
 "cli_test_dir",
 "proconio",
]

[[package]]
name = "codefestival2017qualcb"
version = "0.1.0"
dependencies = [
 "cli_test_dir",
 "proconio",
]

[[package]]
name = "ddcc2020qualb"
version = "0.1.0"
dependencies = [
 "cli_test_dir",
 "proconio",
]

[[package]]
name = "either"
version = "1.6.1"
source = "registry+https://github.com/rust-lang/crates.io-index"
checksum = "e78d4f1cc4ae33bbfc157ed5d5a5ef3bc29227303d595861deb238fcec4e9457"

[[package]]
name = "hitachi2020b"
version = "0.1.0"
dependencies = [
 "cli_test_dir",
 "proconio",
]

[[package]]
name = "itertools"
version = "0.9.0"
source = "registry+https://github.com/rust-lang/crates.io-index"
checksum = "284f18f85651fe11e8a991b2adb42cb078325c996ed026d994719efcfca1d54b"
dependencies = [
 "either",
]

[[package]]
name = "lazy_static"
version = "1.4.0"
source = "registry+https://github.com/rust-lang/crates.io-index"
checksum = "e2abad23fbc42b3700f2f279844dc832adb2b2eb069b2df918f455c4e18cc646"

[[package]]
name = "panasonic2020b"
version = "0.1.0"
dependencies = [
 "cli_test_dir",
 "proconio",
]

[[package]]
name = "practice-a"
version = "0.1.0"
dependencies = [
 "cli_test_dir",
 "proconio",
]

[[package]]
name = "proc-macro2"
version = "0.4.30"
source = "registry+https://github.com/rust-lang/crates.io-index"
checksum = "cf3d2011ab5c909338f7887f4fc896d35932e29146c12c8d01da6b22a80ba759"
dependencies = [
 "unicode-xid",
]

[[package]]
name = "proconio"
version = "0.3.6"
source = "registry+https://github.com/rust-lang/crates.io-index"
checksum = "3bed4f95f88d84bb8efd51dbc080d463e6ca953f05dfade2e24daf19dd861ccd"
dependencies = [
 "lazy_static",
 "proconio-derive",
]

[[package]]
name = "proconio-derive"
version = "0.1.9"
source = "registry+https://github.com/rust-lang/crates.io-index"
checksum = "8096c9313b401ca5bf09f93235fdf4fe6dbedc4f64e3968d2688bf89433a6738"
dependencies = [
 "proc-macro2",
 "quote",
 "syn",
]

[[package]]
name = "quote"
version = "0.6.13"
source = "registry+https://github.com/rust-lang/crates.io-index"
checksum = "6ce23b6b870e8f94f81fb0a363d65d86675884b34a09043c81e5562f11c1f8e1"
dependencies = [
 "proc-macro2",
]

[[package]]
name = "sumitb2019b"
version = "0.1.0"
dependencies = [
 "cli_test_dir",
 "proconio",
]

[[package]]
name = "sumitb2019c"
version = "0.1.0"
dependencies = [
 "cli_test_dir",
 "proconio",
]

[[package]]
name = "syn"
version = "0.15.44"
source = "registry+https://github.com/rust-lang/crates.io-index"
checksum = "9ca4b3b69a77cbe1ffc9e198781b7acb0c7365a883670e8f1c1bc66fba79a5c5"
dependencies = [
 "proc-macro2",
 "quote",
 "unicode-xid",
]

[[package]]
name = "unicode-xid"
version = "0.1.0"
source = "registry+https://github.com/rust-lang/crates.io-index"
checksum = "fc72304796d0818e357ead4e000d19c9c174ab23dc11093ac919054d20a6a7fc"
